
Microsoft Visual Studio Solution File, Format Version 12.00
# Visual Studio Version 16
VisualStudioVersion = 16.0.29009.5
MinimumVisualStudioVersion = 10.0.40219.1
Project("{FAE04EC0-301F-11D3-BF4B-00C04F79EFBC}") = "Redis Starter", "Redis Starter.csproj", "{56F65F52-C80A-4882-ABDB-8DCF0115BBCF}"
EndProject
Global
	GlobalSection(SolutionConfigurationPlatforms) = preSolution
		Debug|Any CPU = Debug|Any CPU
		Release|Any CPU = Release|Any CPU
	EndGlobalSection
	GlobalSection(ProjectConfigurationPlatforms) = postSolution
		{56F65F52-C80A-4882-ABDB-8DCF0115BBCF}.Debug|Any CPU.ActiveCfg = Debug|Any CPU
		{56F65F52-C80A-4882-ABDB-8DCF0115BBCF}.Debug|Any CPU.Build.0 = Debug|Any CPU
		{56F65F52-C80A-4882-ABDB-8DCF0115BBCF}.Release|Any CPU.ActiveCfg = Release|Any CPU
		{56F65F52-C80A-4882-ABDB-8DCF0115BBCF}.Release|Any CPU.Build.0 = Release|Any CPU
	EndGlobalSection
	GlobalSection(SolutionProperties) = preSolution
		HideSolutionNode = FALSE
	EndGlobalSection
	GlobalSection(ExtensibilityGlobals) = postSolution
		SolutionGuid = {A8AED6E8-1ACF-4DA5-9737-D6198E00972B}
	EndGlobalSection
EndGlobal
